// !$*UTF8*$!
{
	archiveVersion = 1;
	classes = {
	};
	objectVersion = 50;
	objects = {

/* Begin PBXBuildFile section */
		462F31B4255A9EE600A7D099 /* AppDelegate.swift in Sources */ = {isa = PBXBuildFile; fileRef = 462F31B3255A9EE600A7D099 /* AppDelegate.swift */; };
		462F31B6255A9EE600A7D099 /* SceneDelegate.swift in Sources */ = {isa = PBXBuildFile; fileRef = 462F31B5255A9EE600A7D099 /* SceneDelegate.swift */; };
		462F31B8255A9EE600A7D099 /* ViewController.swift in Sources */ = {isa = PBXBuildFile; fileRef = 462F31B7255A9EE600A7D099 /* ViewController.swift */; };
		462F31BB255A9EE600A7D099 /* Main.storyboard in Resources */ = {isa = PBXBuildFile; fileRef = 462F31B9255A9EE600A7D099 /* Main.storyboard */; };
		462F31BD255A9EE700A7D099 /* Assets.xcassets in Resources */ = {isa = PBXBuildFile; fileRef = 462F31BC255A9EE700A7D099 /* Assets.xcassets */; };
		462F31C0255A9EE700A7D099 /* LaunchScreen.storyboard in Resources */ = {isa = PBXBuildFile; fileRef = 462F31BE255A9EE700A7D099 /* LaunchScreen.storyboard */; };
		462F31D6255A9EE800A7D099 /* PhotoAppUITests.swift in Sources */ = {isa = PBXBuildFile; fileRef = 462F31D5255A9EE800A7D099 /* PhotoAppUITests.swift */; };
		462F31EA255AC0D600A7D099 /* SignupFormModelValidatorTests.swift in Sources */ = {isa = PBXBuildFile; fileRef = 462F31E9255AC0D600A7D099 /* SignupFormModelValidatorTests.swift */; };
		462F31F2255AC19A00A7D099 /* SignupFormModelValidator.swift in Sources */ = {isa = PBXBuildFile; fileRef = 462F31F1255AC19A00A7D099 /* SignupFormModelValidator.swift */; };
		462F31F7255ACA5100A7D099 /* SignupConstants.swift in Sources */ = {isa = PBXBuildFile; fileRef = 462F31F6255ACA5100A7D099 /* SignupConstants.swift */; };
		4641BC5D2563C38500B3ED6F /* SignupPresenterTests.swift in Sources */ = {isa = PBXBuildFile; fileRef = 4641BC5C2563C38500B3ED6F /* SignupPresenterTests.swift */; };
		4641BC622563C42700B3ED6F /* SignupFormModel.swift in Sources */ = {isa = PBXBuildFile; fileRef = 4641BC612563C42700B3ED6F /* SignupFormModel.swift */; };
		4641BC672563C4D700B3ED6F /* SingupPresenter.swift in Sources */ = {isa = PBXBuildFile; fileRef = 4641BC662563C4D700B3ED6F /* SingupPresenter.swift */; };
		4641BC6C2563C59A00B3ED6F /* MockSignupModelValidator.swift in Sources */ = {isa = PBXBuildFile; fileRef = 4641BC6B2563C59A00B3ED6F /* MockSignupModelValidator.swift */; };
		4641BC712563C64E00B3ED6F /* SignupModelValidatorProtocol.swift in Sources */ = {isa = PBXBuildFile; fileRef = 4641BC702563C64E00B3ED6F /* SignupModelValidatorProtocol.swift */; };
		4641BC802563D00400B3ED6F /* MockSignupWebService.swift in Sources */ = {isa = PBXBuildFile; fileRef = 4641BC7F2563D00400B3ED6F /* MockSignupWebService.swift */; };
		4641BC852563D0CF00B3ED6F /* SignupWebServiceProtocol.swift in Sources */ = {isa = PBXBuildFile; fileRef = 4641BC842563D0CE00B3ED6F /* SignupWebServiceProtocol.swift */; };
		4641BC8A2563D56A00B3ED6F /* MockSignupViewDelegate.swift in Sources */ = {isa = PBXBuildFile; fileRef = 4641BC892563D56A00B3ED6F /* MockSignupViewDelegate.swift */; };
		4641BC8F2563D5EB00B3ED6F /* SignupViewDelegateProtocol.swift in Sources */ = {isa = PBXBuildFile; fileRef = 4641BC8E2563D5EB00B3ED6F /* SignupViewDelegateProtocol.swift */; };
		465CE7812562AAE6007F3C7C /* SignupWebServiceTests.swift in Sources */ = {isa = PBXBuildFile; fileRef = 465CE7802562AAE6007F3C7C /* SignupWebServiceTests.swift */; };
		465CE7862562ABB2007F3C7C /* SignupWebService.swift in Sources */ = {isa = PBXBuildFile; fileRef = 465CE7852562ABB2007F3C7C /* SignupWebService.swift */; };
		465CE78B2562AC58007F3C7C /* SignupFormRequestModel.swift in Sources */ = {isa = PBXBuildFile; fileRef = 465CE78A2562AC58007F3C7C /* SignupFormRequestModel.swift */; };
		465CE7902562AE9E007F3C7C /* SingupResponseModel.swift in Sources */ = {isa = PBXBuildFile; fileRef = 465CE78F2562AE9E007F3C7C /* SingupResponseModel.swift */; };
		465CE7952562AEEC007F3C7C /* SignupError.swift in Sources */ = {isa = PBXBuildFile; fileRef = 465CE7942562AEEC007F3C7C /* SignupError.swift */; };
		465CE7A42562BA19007F3C7C /* MockURLProtocol.swift in Sources */ = {isa = PBXBuildFile; fileRef = 465CE7A32562BA19007F3C7C /* MockURLProtocol.swift */; };
/* End PBXBuildFile section */

/* Begin PBXContainerItemProxy section */
		462F31C7255A9EE700A7D099 /* PBXContainerItemProxy */ = {
			isa = PBXContainerItemProxy;
			containerPortal = 462F31A8255A9EE600A7D099 /* Project object */;
			proxyType = 1;
			remoteGlobalIDString = 462F31AF255A9EE600A7D099;
			remoteInfo = PhotoApp;
		};
		462F31D2255A9EE800A7D099 /* PBXContainerItemProxy */ = {
			isa = PBXContainerItemProxy;
			containerPortal = 462F31A8255A9EE600A7D099 /* Project object */;
			proxyType = 1;
			remoteGlobalIDString = 462F31AF255A9EE600A7D099;
			remoteInfo = PhotoApp;
		};
/* End PBXContainerItemProxy section */

/* Begin PBXFileReference section */
		462F31B0255A9EE600A7D099 /* PhotoApp.app */ = {isa = PBXFileReference; explicitFileType = wrapper.application; includeInIndex = 0; path = PhotoApp.app; sourceTree = BUILT_PRODUCTS_DIR; };
		462F31B3255A9EE600A7D099 /* AppDelegate.swift */ = {isa = PBXFileReference; lastKnownFileType = sourcecode.swift; path = AppDelegate.swift; sourceTree = "<group>"; };
		462F31B5255A9EE600A7D099 /* SceneDelegate.swift */ = {isa = PBXFileReference; lastKnownFileType = sourcecode.swift; path = SceneDelegate.swift; sourceTree = "<group>"; };
		462F31B7255A9EE600A7D099 /* ViewController.swift */ = {isa = PBXFileReference; lastKnownFileType = sourcecode.swift; path = ViewController.swift; sourceTree = "<group>"; };
		462F31BA255A9EE600A7D099 /* Base */ = {isa = PBXFileReference; lastKnownFileType = file.storyboard; name = Base; path = Base.lproj/Main.storyboard; sourceTree = "<group>"; };
		462F31BC255A9EE700A7D099 /* Assets.xcassets */ = {isa = PBXFileReference; lastKnownFileType = folder.assetcatalog; path = Assets.xcassets; sourceTree = "<group>"; };
		462F31BF255A9EE700A7D099 /* Base */ = {isa = PBXFileReference; lastKnownFileType = file.storyboard; name = Base; path = Base.lproj/LaunchScreen.storyboard; sourceTree = "<group>"; };
		462F31C1255A9EE700A7D099 /* Info.plist */ = {isa = PBXFileReference; lastKnownFileType = text.plist.xml; path = Info.plist; sourceTree = "<group>"; };
		462F31C6255A9EE700A7D099 /* PhotoAppTests.xctest */ = {isa = PBXFileReference; explicitFileType = wrapper.cfbundle; includeInIndex = 0; path = PhotoAppTests.xctest; sourceTree = BUILT_PRODUCTS_DIR; };
		462F31CC255A9EE700A7D099 /* Info.plist */ = {isa = PBXFileReference; lastKnownFileType = text.plist.xml; path = Info.plist; sourceTree = "<group>"; };
		462F31D1255A9EE800A7D099 /* PhotoAppUITests.xctest */ = {isa = PBXFileReference; explicitFileType = wrapper.cfbundle; includeInIndex = 0; path = PhotoAppUITests.xctest; sourceTree = BUILT_PRODUCTS_DIR; };
		462F31D5255A9EE800A7D099 /* PhotoAppUITests.swift */ = {isa = PBXFileReference; lastKnownFileType = sourcecode.swift; path = PhotoAppUITests.swift; sourceTree = "<group>"; };
		462F31D7255A9EE800A7D099 /* Info.plist */ = {isa = PBXFileReference; lastKnownFileType = text.plist.xml; path = Info.plist; sourceTree = "<group>"; };
		462F31E9255AC0D600A7D099 /* SignupFormModelValidatorTests.swift */ = {isa = PBXFileReference; lastKnownFileType = sourcecode.swift; path = SignupFormModelValidatorTests.swift; sourceTree = "<group>"; };
		462F31F1255AC19A00A7D099 /* SignupFormModelValidator.swift */ = {isa = PBXFileReference; lastKnownFileType = sourcecode.swift; path = SignupFormModelValidator.swift; sourceTree = "<group>"; };
		462F31F6255ACA5100A7D099 /* SignupConstants.swift */ = {isa = PBXFileReference; lastKnownFileType = sourcecode.swift; path = SignupConstants.swift; sourceTree = "<group>"; };
		4641BC5C2563C38500B3ED6F /* SignupPresenterTests.swift */ = {isa = PBXFileReference; lastKnownFileType = sourcecode.swift; path = SignupPresenterTests.swift; sourceTree = "<group>"; };
		4641BC612563C42700B3ED6F /* SignupFormModel.swift */ = {isa = PBXFileReference; lastKnownFileType = sourcecode.swift; path = SignupFormModel.swift; sourceTree = "<group>"; };
		4641BC662563C4D700B3ED6F /* SingupPresenter.swift */ = {isa = PBXFileReference; lastKnownFileType = sourcecode.swift; path = SingupPresenter.swift; sourceTree = "<group>"; };
		4641BC6B2563C59A00B3ED6F /* MockSignupModelValidator.swift */ = {isa = PBXFileReference; lastKnownFileType = sourcecode.swift; path = MockSignupModelValidator.swift; sourceTree = "<group>"; };
		4641BC702563C64E00B3ED6F /* SignupModelValidatorProtocol.swift */ = {isa = PBXFileReference; lastKnownFileType = sourcecode.swift; path = SignupModelValidatorProtocol.swift; sourceTree = "<group>"; };
		4641BC7F2563D00400B3ED6F /* MockSignupWebService.swift */ = {isa = PBXFileReference; lastKnownFileType = sourcecode.swift; path = MockSignupWebService.swift; sourceTree = "<group>"; };
		4641BC842563D0CE00B3ED6F /* SignupWebServiceProtocol.swift */ = {isa = PBXFileReference; lastKnownFileType = sourcecode.swift; path = SignupWebServiceProtocol.swift; sourceTree = "<group>"; };
		4641BC892563D56A00B3ED6F /* MockSignupViewDelegate.swift */ = {isa = PBXFileReference; lastKnownFileType = sourcecode.swift; path = MockSignupViewDelegate.swift; sourceTree = "<group>"; };
		4641BC8E2563D5EB00B3ED6F /* SignupViewDelegateProtocol.swift */ = {isa = PBXFileReference; lastKnownFileType = sourcecode.swift; path = SignupViewDelegateProtocol.swift; sourceTree = "<group>"; };
		465CE7802562AAE6007F3C7C /* SignupWebServiceTests.swift */ = {isa = PBXFileReference; lastKnownFileType = sourcecode.swift; path = SignupWebServiceTests.swift; sourceTree = "<group>"; };
		465CE7852562ABB2007F3C7C /* SignupWebService.swift */ = {isa = PBXFileReference; lastKnownFileType = sourcecode.swift; path = SignupWebService.swift; sourceTree = "<group>"; };
		465CE78A2562AC58007F3C7C /* SignupFormRequestModel.swift */ = {isa = PBXFileReference; lastKnownFileType = sourcecode.swift; path = SignupFormRequestModel.swift; sourceTree = "<group>"; };
		465CE78F2562AE9E007F3C7C /* SingupResponseModel.swift */ = {isa = PBXFileReference; lastKnownFileType = sourcecode.swift; path = SingupResponseModel.swift; sourceTree = "<group>"; };
		465CE7942562AEEC007F3C7C /* SignupError.swift */ = {isa = PBXFileReference; lastKnownFileType = sourcecode.swift; path = SignupError.swift; sourceTree = "<group>"; };
		465CE7A32562BA19007F3C7C /* MockURLProtocol.swift */ = {isa = PBXFileReference; lastKnownFileType = sourcecode.swift; path = MockURLProtocol.swift; sourceTree = "<group>"; };
/* End PBXFileReference section */

/* Begin PBXFrameworksBuildPhase section */
		462F31AD255A9EE600A7D099 /* Frameworks */ = {
			isa = PBXFrameworksBuildPhase;
			buildActionMask = 2147483647;
			files = (
			);
			runOnlyForDeploymentPostprocessing = 0;
		};
		462F31C3255A9EE700A7D099 /* Frameworks */ = {
			isa = PBXFrameworksBuildPhase;
			buildActionMask = 2147483647;
			files = (
			);
			runOnlyForDeploymentPostprocessing = 0;
		};
		462F31CE255A9EE800A7D099 /* Frameworks */ = {
			isa = PBXFrameworksBuildPhase;
			buildActionMask = 2147483647;
			files = (
			);
			runOnlyForDeploymentPostprocessing = 0;
		};
/* End PBXFrameworksBuildPhase section */

/* Begin PBXGroup section */
		462F31A7255A9EE600A7D099 = {
			isa = PBXGroup;
			children = (
				462F31B2255A9EE600A7D099 /* PhotoApp */,
				462F31C9255A9EE700A7D099 /* PhotoAppTests */,
				462F31D4255A9EE800A7D099 /* PhotoAppUITests */,
				462F31B1255A9EE600A7D099 /* Products */,
			);
			sourceTree = "<group>";
		};
		462F31B1255A9EE600A7D099 /* Products */ = {
			isa = PBXGroup;
			children = (
				462F31B0255A9EE600A7D099 /* PhotoApp.app */,
				462F31C6255A9EE700A7D099 /* PhotoAppTests.xctest */,
				462F31D1255A9EE800A7D099 /* PhotoAppUITests.xctest */,
			);
			name = Products;
			sourceTree = "<group>";
		};
		462F31B2255A9EE600A7D099 /* PhotoApp */ = {
			isa = PBXGroup;
			children = (
				465CE7992562AF88007F3C7C /* Signup */,
				462F31B3255A9EE600A7D099 /* AppDelegate.swift */,
				462F31B5255A9EE600A7D099 /* SceneDelegate.swift */,
				462F31B9255A9EE600A7D099 /* Main.storyboard */,
				462F31BC255A9EE700A7D099 /* Assets.xcassets */,
				462F31BE255A9EE700A7D099 /* LaunchScreen.storyboard */,
				462F31C1255A9EE700A7D099 /* Info.plist */,
			);
			path = PhotoApp;
			sourceTree = "<group>";
		};
		462F31C9255A9EE700A7D099 /* PhotoAppTests */ = {
			isa = PBXGroup;
			children = (
				465CE79D2562B014007F3C7C /* Signup */,
				462F31CC255A9EE700A7D099 /* Info.plist */,
			);
			path = PhotoAppTests;
			sourceTree = "<group>";
		};
		462F31D4255A9EE800A7D099 /* PhotoAppUITests */ = {
			isa = PBXGroup;
			children = (
				462F31D5255A9EE800A7D099 /* PhotoAppUITests.swift */,
				462F31D7255A9EE800A7D099 /* Info.plist */,
			);
			path = PhotoAppUITests;
			sourceTree = "<group>";
		};
		4641BC752563CD3700B3ED6F /* Presenters */ = {
			isa = PBXGroup;
			children = (
				4641BC662563C4D700B3ED6F /* SingupPresenter.swift */,
			);
			path = Presenters;
			sourceTree = "<group>";
		};
		4641BC762563CD6500B3ED6F /* Protocols */ = {
			isa = PBXGroup;
			children = (
				4641BC702563C64E00B3ED6F /* SignupModelValidatorProtocol.swift */,
				4641BC842563D0CE00B3ED6F /* SignupWebServiceProtocol.swift */,
				4641BC8E2563D5EB00B3ED6F /* SignupViewDelegateProtocol.swift */,
			);
			path = Protocols;
			sourceTree = "<group>";
		};
		4641BC772563CD7E00B3ED6F /* Presenters */ = {
			isa = PBXGroup;
			children = (
				4641BC5C2563C38500B3ED6F /* SignupPresenterTests.swift */,
			);
			path = Presenters;
			sourceTree = "<group>";
		};
		4641BC782563CD9100B3ED6F /* Mocks */ = {
			isa = PBXGroup;
			children = (
				465CE7A32562BA19007F3C7C /* MockURLProtocol.swift */,
				4641BC6B2563C59A00B3ED6F /* MockSignupModelValidator.swift */,
				4641BC7F2563D00400B3ED6F /* MockSignupWebService.swift */,
				4641BC892563D56A00B3ED6F /* MockSignupViewDelegate.swift */,
			);
			path = Mocks;
			sourceTree = "<group>";
		};
		465CE7992562AF88007F3C7C /* Signup */ = {
			isa = PBXGroup;
			children = (
				4641BC762563CD6500B3ED6F /* Protocols */,
				465CE79C2562AFFB007F3C7C /* Network */,
				465CE79B2562AFC7007F3C7C /* Controllers */,
				465CE79A2562AF92007F3C7C /* Models */,
				4641BC752563CD3700B3ED6F /* Presenters */,
			);
			path = Signup;
			sourceTree = "<group>";
		};
		465CE79A2562AF92007F3C7C /* Models */ = {
			isa = PBXGroup;
			children = (
				462F31F6255ACA5100A7D099 /* SignupConstants.swift */,
				462F31F1255AC19A00A7D099 /* SignupFormModelValidator.swift */,
				465CE78A2562AC58007F3C7C /* SignupFormRequestModel.swift */,
				465CE78F2562AE9E007F3C7C /* SingupResponseModel.swift */,
				465CE7942562AEEC007F3C7C /* SignupError.swift */,
				4641BC612563C42700B3ED6F /* SignupFormModel.swift */,
			);
			path = Models;
			sourceTree = "<group>";
		};
		465CE79B2562AFC7007F3C7C /* Controllers */ = {
			isa = PBXGroup;
			children = (
				462F31B7255A9EE600A7D099 /* ViewController.swift */,
			);
			path = Controllers;
			sourceTree = "<group>";
		};
		465CE79C2562AFFB007F3C7C /* Network */ = {
			isa = PBXGroup;
			children = (
				465CE7852562ABB2007F3C7C /* SignupWebService.swift */,
			);
			path = Network;
			sourceTree = "<group>";
		};
		465CE79D2562B014007F3C7C /* Signup */ = {
			isa = PBXGroup;
			children = (
				4641BC772563CD7E00B3ED6F /* Presenters */,
				465CE79F2562B01F007F3C7C /* Network */,
				465CE79E2562B01B007F3C7C /* Models */,
				4641BC782563CD9100B3ED6F /* Mocks */,
			);
			path = Signup;
			sourceTree = "<group>";
		};
		465CE79E2562B01B007F3C7C /* Models */ = {
			isa = PBXGroup;
			children = (
				462F31E9255AC0D600A7D099 /* SignupFormModelValidatorTests.swift */,
			);
			path = Models;
			sourceTree = "<group>";
		};
		465CE79F2562B01F007F3C7C /* Network */ = {
			isa = PBXGroup;
			children = (
				465CE7802562AAE6007F3C7C /* SignupWebServiceTests.swift */,
			);
			path = Network;
			sourceTree = "<group>";
		};
/* End PBXGroup section */

/* Begin PBXNativeTarget section */
		462F31AF255A9EE600A7D099 /* PhotoApp */ = {
			isa = PBXNativeTarget;
			buildConfigurationList = 462F31DA255A9EE800A7D099 /* Build configuration list for PBXNativeTarget "PhotoApp" */;
			buildPhases = (
				462F31AC255A9EE600A7D099 /* Sources */,
				462F31AD255A9EE600A7D099 /* Frameworks */,
				462F31AE255A9EE600A7D099 /* Resources */,
			);
			buildRules = (
			);
			dependencies = (
			);
			name = PhotoApp;
			productName = PhotoApp;
			productReference = 462F31B0255A9EE600A7D099 /* PhotoApp.app */;
			productType = "com.apple.product-type.application";
		};
		462F31C5255A9EE700A7D099 /* PhotoAppTests */ = {
			isa = PBXNativeTarget;
			buildConfigurationList = 462F31DD255A9EE800A7D099 /* Build configuration list for PBXNativeTarget "PhotoAppTests" */;
			buildPhases = (
				462F31C2255A9EE700A7D099 /* Sources */,
				462F31C3255A9EE700A7D099 /* Frameworks */,
				462F31C4255A9EE700A7D099 /* Resources */,
			);
			buildRules = (
			);
			dependencies = (
				462F31C8255A9EE700A7D099 /* PBXTargetDependency */,
			);
			name = PhotoAppTests;
			productName = PhotoAppTests;
			productReference = 462F31C6255A9EE700A7D099 /* PhotoAppTests.xctest */;
			productType = "com.apple.product-type.bundle.unit-test";
		};
		462F31D0255A9EE800A7D099 /* PhotoAppUITests */ = {
			isa = PBXNativeTarget;
			buildConfigurationList = 462F31E0255A9EE800A7D099 /* Build configuration list for PBXNativeTarget "PhotoAppUITests" */;
			buildPhases = (
				462F31CD255A9EE800A7D099 /* Sources */,
				462F31CE255A9EE800A7D099 /* Frameworks */,
				462F31CF255A9EE800A7D099 /* Resources */,
			);
			buildRules = (
			);
			dependencies = (
				462F31D3255A9EE800A7D099 /* PBXTargetDependency */,
			);
			name = PhotoAppUITests;
			productName = PhotoAppUITests;
			productReference = 462F31D1255A9EE800A7D099 /* PhotoAppUITests.xctest */;
			productType = "com.apple.product-type.bundle.ui-testing";
		};
/* End PBXNativeTarget section */

/* Begin PBXProject section */
		462F31A8255A9EE600A7D099 /* Project object */ = {
			isa = PBXProject;
			attributes = {
				LastSwiftUpdateCheck = 1210;
				LastUpgradeCheck = 1210;
				TargetAttributes = {
					462F31AF255A9EE600A7D099 = {
						CreatedOnToolsVersion = 12.1;
					};
					462F31C5255A9EE700A7D099 = {
						CreatedOnToolsVersion = 12.1;
						LastSwiftMigration = 1210;
						TestTargetID = 462F31AF255A9EE600A7D099;
					};
					462F31D0255A9EE800A7D099 = {
						CreatedOnToolsVersion = 12.1;
						TestTargetID = 462F31AF255A9EE600A7D099;
					};
				};
			};
			buildConfigurationList = 462F31AB255A9EE600A7D099 /* Build configuration list for PBXProject "PhotoApp" */;
			compatibilityVersion = "Xcode 9.3";
			developmentRegion = en;
			hasScannedForEncodings = 0;
			knownRegions = (
				en,
				Base,
			);
			mainGroup = 462F31A7255A9EE600A7D099;
			productRefGroup = 462F31B1255A9EE600A7D099 /* Products */;
			projectDirPath = "";
			projectRoot = "";
			targets = (
				462F31AF255A9EE600A7D099 /* PhotoApp */,
				462F31C5255A9EE700A7D099 /* PhotoAppTests */,
				462F31D0255A9EE800A7D099 /* PhotoAppUITests */,
			);
		};
/* End PBXProject section */

/* Begin PBXResourcesBuildPhase section */
		462F31AE255A9EE600A7D099 /* Resources */ = {
			isa = PBXResourcesBuildPhase;
			buildActionMask = 2147483647;
			files = (
				462F31C0255A9EE700A7D099 /* LaunchScreen.storyboard in Resources */,
				462F31BD255A9EE700A7D099 /* Assets.xcassets in Resources */,
				462F31BB255A9EE600A7D099 /* Main.storyboard in Resources */,
			);
			runOnlyForDeploymentPostprocessing = 0;
		};
		462F31C4255A9EE700A7D099 /* Resources */ = {
			isa = PBXResourcesBuildPhase;
			buildActionMask = 2147483647;
			files = (
			);
			runOnlyForDeploymentPostprocessing = 0;
		};
		462F31CF255A9EE800A7D099 /* Resources */ = {
			isa = PBXResourcesBuildPhase;
			buildActionMask = 2147483647;
			files = (
			);
			runOnlyForDeploymentPostprocessing = 0;
		};
/* End PBXResourcesBuildPhase section */

/* Begin PBXSourcesBuildPhase section */
		462F31AC255A9EE600A7D099 /* Sources */ = {
			isa = PBXSourcesBuildPhase;
			buildActionMask = 2147483647;
			files = (
				462F31B8255A9EE600A7D099 /* ViewController.swift in Sources */,
				462F31B4255A9EE600A7D099 /* AppDelegate.swift in Sources */,
				465CE7902562AE9E007F3C7C /* SingupResponseModel.swift in Sources */,
				462F31F2255AC19A00A7D099 /* SignupFormModelValidator.swift in Sources */,
				4641BC672563C4D700B3ED6F /* SingupPresenter.swift in Sources */,
				462F31F7255ACA5100A7D099 /* SignupConstants.swift in Sources */,
				4641BC8F2563D5EB00B3ED6F /* SignupViewDelegateProtocol.swift in Sources */,
				4641BC622563C42700B3ED6F /* SignupFormModel.swift in Sources */,
				465CE78B2562AC58007F3C7C /* SignupFormRequestModel.swift in Sources */,
				4641BC712563C64E00B3ED6F /* SignupModelValidatorProtocol.swift in Sources */,
				465CE7862562ABB2007F3C7C /* SignupWebService.swift in Sources */,
				4641BC852563D0CF00B3ED6F /* SignupWebServiceProtocol.swift in Sources */,
				462F31B6255A9EE600A7D099 /* SceneDelegate.swift in Sources */,
				465CE7952562AEEC007F3C7C /* SignupError.swift in Sources */,
			);
			runOnlyForDeploymentPostprocessing = 0;
		};
		462F31C2255A9EE700A7D099 /* Sources */ = {
			isa = PBXSourcesBuildPhase;
			buildActionMask = 2147483647;
			files = (
				4641BC802563D00400B3ED6F /* MockSignupWebService.swift in Sources */,
				465CE7A42562BA19007F3C7C /* MockURLProtocol.swift in Sources */,
				465CE7812562AAE6007F3C7C /* SignupWebServiceTests.swift in Sources */,
				4641BC5D2563C38500B3ED6F /* SignupPresenterTests.swift in Sources */,
				4641BC6C2563C59A00B3ED6F /* MockSignupModelValidator.swift in Sources */,
				462F31EA255AC0D600A7D099 /* SignupFormModelValidatorTests.swift in Sources */,
				4641BC8A2563D56A00B3ED6F /* MockSignupViewDelegate.swift in Sources */,
			);
			runOnlyForDeploymentPostprocessing = 0;
		};
		462F31CD255A9EE800A7D099 /* Sources */ = {
			isa = PBXSourcesBuildPhase;
			buildActionMask = 2147483647;
			files = (
				462F31D6255A9EE800A7D099 /* PhotoAppUITests.swift in Sources */,
			);
			runOnlyForDeploymentPostprocessing = 0;
		};
/* End PBXSourcesBuildPhase section */

/* Begin PBXTargetDependency section */
		462F31C8255A9EE700A7D099 /* PBXTargetDependency */ = {
			isa = PBXTargetDependency;
			target = 462F31AF255A9EE600A7D099 /* PhotoApp */;
			targetProxy = 462F31C7255A9EE700A7D099 /* PBXContainerItemProxy */;
		};
		462F31D3255A9EE800A7D099 /* PBXTargetDependency */ = {
			isa = PBXTargetDependency;
			target = 462F31AF255A9EE600A7D099 /* PhotoApp */;
			targetProxy = 462F31D2255A9EE800A7D099 /* PBXContainerItemProxy */;
		};
/* End PBXTargetDependency section */

/* Begin PBXVariantGroup section */
		462F31B9255A9EE600A7D099 /* Main.storyboard */ = {
			isa = PBXVariantGroup;
			children = (
				462F31BA255A9EE600A7D099 /* Base */,
			);
			name = Main.storyboard;
			sourceTree = "<group>";
		};
		462F31BE255A9EE700A7D099 /* LaunchScreen.storyboard */ = {
			isa = PBXVariantGroup;
			children = (
				462F31BF255A9EE700A7D099 /* Base */,
			);
			name = LaunchScreen.storyboard;
			sourceTree = "<group>";
		};
/* End PBXVariantGroup section */

/* Begin XCBuildConfiguration section */
		462F31D8255A9EE800A7D099 /* Debug */ = {
			isa = XCBuildConfiguration;
			buildSettings = {
				ALWAYS_SEARCH_USER_PATHS = NO;
				CLANG_ANALYZER_NONNULL = YES;
				CLANG_ANALYZER_NUMBER_OBJECT_CONVERSION = YES_AGGRESSIVE;
				CLANG_CXX_LANGUAGE_STANDARD = "gnu++14";
				CLANG_CXX_LIBRARY = "libc++";
				CLANG_ENABLE_MODULES = YES;
				CLANG_ENABLE_OBJC_ARC = YES;
				CLANG_ENABLE_OBJC_WEAK = YES;
				CLANG_WARN_BLOCK_CAPTURE_AUTORELEASING = YES;
				CLANG_WARN_BOOL_CONVERSION = YES;
				CLANG_WARN_COMMA = YES;
				CLANG_WARN_CONSTANT_CONVERSION = YES;
				CLANG_WARN_DEPRECATED_OBJC_IMPLEMENTATIONS = YES;
				CLANG_WARN_DIRECT_OBJC_ISA_USAGE = YES_ERROR;
				CLANG_WARN_DOCUMENTATION_COMMENTS = YES;
				CLANG_WARN_EMPTY_BODY = YES;
				CLANG_WARN_ENUM_CONVERSION = YES;
				CLANG_WARN_INFINITE_RECURSION = YES;
				CLANG_WARN_INT_CONVERSION = YES;
				CLANG_WARN_NON_LITERAL_NULL_CONVERSION = YES;
				CLANG_WARN_OBJC_IMPLICIT_RETAIN_SELF = YES;
				CLANG_WARN_OBJC_LITERAL_CONVERSION = YES;
				CLANG_WARN_OBJC_ROOT_CLASS = YES_ERROR;
				CLANG_WARN_QUOTED_INCLUDE_IN_FRAMEWORK_HEADER = YES;
				CLANG_WARN_RANGE_LOOP_ANALYSIS = YES;
				CLANG_WARN_STRICT_PROTOTYPES = YES;
				CLANG_WARN_SUSPICIOUS_MOVE = YES;
				CLANG_WARN_UNGUARDED_AVAILABILITY = YES_AGGRESSIVE;
				CLANG_WARN_UNREACHABLE_CODE = YES;
				CLANG_WARN__DUPLICATE_METHOD_MATCH = YES;
				COPY_PHASE_STRIP = NO;
				DEBUG_INFORMATION_FORMAT = dwarf;
				ENABLE_STRICT_OBJC_MSGSEND = YES;
				ENABLE_TESTABILITY = YES;
				GCC_C_LANGUAGE_STANDARD = gnu11;
				GCC_DYNAMIC_NO_PIC = NO;
				GCC_NO_COMMON_BLOCKS = YES;
				GCC_OPTIMIZATION_LEVEL = 0;
				GCC_PREPROCESSOR_DEFINITIONS = (
					"DEBUG=1",
					"$(inherited)",
				);
				GCC_WARN_64_TO_32_BIT_CONVERSION = YES;
				GCC_WARN_ABOUT_RETURN_TYPE = YES_ERROR;
				GCC_WARN_UNDECLARED_SELECTOR = YES;
				GCC_WARN_UNINITIALIZED_AUTOS = YES_AGGRESSIVE;
				GCC_WARN_UNUSED_FUNCTION = YES;
				GCC_WARN_UNUSED_VARIABLE = YES;
				IPHONEOS_DEPLOYMENT_TARGET = 14.1;
				MTL_ENABLE_DEBUG_INFO = INCLUDE_SOURCE;
				MTL_FAST_MATH = YES;
				ONLY_ACTIVE_ARCH = YES;
				SDKROOT = iphoneos;
				SWIFT_ACTIVE_COMPILATION_CONDITIONS = DEBUG;
				SWIFT_OPTIMIZATION_LEVEL = "-Onone";
			};
			name = Debug;
		};
		462F31D9255A9EE800A7D099 /* Release */ = {
			isa = XCBuildConfiguration;
			buildSettings = {
				ALWAYS_SEARCH_USER_PATHS = NO;
				CLANG_ANALYZER_NONNULL = YES;
				CLANG_ANALYZER_NUMBER_OBJECT_CONVERSION = YES_AGGRESSIVE;
				CLANG_CXX_LANGUAGE_STANDARD = "gnu++14";
				CLANG_CXX_LIBRARY = "libc++";
				CLANG_ENABLE_MODULES = YES;
				CLANG_ENABLE_OBJC_ARC = YES;
				CLANG_ENABLE_OBJC_WEAK = YES;
				CLANG_WARN_BLOCK_CAPTURE_AUTORELEASING = YES;
				CLANG_WARN_BOOL_CONVERSION = YES;
				CLANG_WARN_COMMA = YES;
				CLANG_WARN_CONSTANT_CONVERSION = YES;
				CLANG_WARN_DEPRECATED_OBJC_IMPLEMENTATIONS = YES;
				CLANG_WARN_DIRECT_OBJC_ISA_USAGE = YES_ERROR;
				CLANG_WARN_DOCUMENTATION_COMMENTS = YES;
				CLANG_WARN_EMPTY_BODY = YES;
				CLANG_WARN_ENUM_CONVERSION = YES;
				CLANG_WARN_INFINITE_RECURSION = YES;
				CLANG_WARN_INT_CONVERSION = YES;
				CLANG_WARN_NON_LITERAL_NULL_CONVERSION = YES;
				CLANG_WARN_OBJC_IMPLICIT_RETAIN_SELF = YES;
				CLANG_WARN_OBJC_LITERAL_CONVERSION = YES;
				CLANG_WARN_OBJC_ROOT_CLASS = YES_ERROR;
				CLANG_WARN_QUOTED_INCLUDE_IN_FRAMEWORK_HEADER = YES;
				CLANG_WARN_RANGE_LOOP_ANALYSIS = YES;
				CLANG_WARN_STRICT_PROTOTYPES = YES;
				CLANG_WARN_SUSPICIOUS_MOVE = YES;
				CLANG_WARN_UNGUARDED_AVAILABILITY = YES_AGGRESSIVE;
				CLANG_WARN_UNREACHABLE_CODE = YES;
				CLANG_WARN__DUPLICATE_METHOD_MATCH = YES;
				COPY_PHASE_STRIP = NO;
				DEBUG_INFORMATION_FORMAT = "dwarf-with-dsym";
				ENABLE_NS_ASSERTIONS = NO;
				ENABLE_STRICT_OBJC_MSGSEND = YES;
				GCC_C_LANGUAGE_STANDARD = gnu11;
				GCC_NO_COMMON_BLOCKS = YES;
				GCC_WARN_64_TO_32_BIT_CONVERSION = YES;
				GCC_WARN_ABOUT_RETURN_TYPE = YES_ERROR;
				GCC_WARN_UNDECLARED_SELECTOR = YES;
				GCC_WARN_UNINITIALIZED_AUTOS = YES_AGGRESSIVE;
				GCC_WARN_UNUSED_FUNCTION = YES;
				GCC_WARN_UNUSED_VARIABLE = YES;
				IPHONEOS_DEPLOYMENT_TARGET = 14.1;
				MTL_ENABLE_DEBUG_INFO = NO;
				MTL_FAST_MATH = YES;
				SDKROOT = iphoneos;
				SWIFT_COMPILATION_MODE = wholemodule;
				SWIFT_OPTIMIZATION_LEVEL = "-O";
				VALIDATE_PRODUCT = YES;
			};
			name = Release;
		};
		462F31DB255A9EE800A7D099 /* Debug */ = {
			isa = XCBuildConfiguration;
			buildSettings = {
				ASSETCATALOG_COMPILER_APPICON_NAME = AppIcon;
				ASSETCATALOG_COMPILER_GLOBAL_ACCENT_COLOR_NAME = AccentColor;
				CODE_SIGN_STYLE = Automatic;
				DEVELOPMENT_TEAM = 3FP28BF586;
				INFOPLIST_FILE = PhotoApp/Info.plist;
				LD_RUNPATH_SEARCH_PATHS = (
					"$(inherited)",
					"@executable_path/Frameworks",
				);
				PRODUCT_BUNDLE_IDENTIFIER = com.foytingo.PhotoApp;
				PRODUCT_NAME = "$(TARGET_NAME)";
				SWIFT_VERSION = 5.0;
				TARGETED_DEVICE_FAMILY = "1,2";
			};
			name = Debug;
		};
		462F31DC255A9EE800A7D099 /* Release */ = {
			isa = XCBuildConfiguration;
			buildSettings = {
				ASSETCATALOG_COMPILER_APPICON_NAME = AppIcon;
				ASSETCATALOG_COMPILER_GLOBAL_ACCENT_COLOR_NAME = AccentColor;
				CODE_SIGN_STYLE = Automatic;
				DEVELOPMENT_TEAM = 3FP28BF586;
				INFOPLIST_FILE = PhotoApp/Info.plist;
				LD_RUNPATH_SEARCH_PATHS = (
					"$(inherited)",
					"@executable_path/Frameworks",
				);
				PRODUCT_BUNDLE_IDENTIFIER = com.foytingo.PhotoApp;
				PRODUCT_NAME = "$(TARGET_NAME)";
				SWIFT_VERSION = 5.0;
				TARGETED_DEVICE_FAMILY = "1,2";
			};
			name = Release;
		};
		462F31DE255A9EE800A7D099 /* Debug */ = {
			isa = XCBuildConfiguration;
			buildSettings = {
				ALWAYS_EMBED_SWIFT_STANDARD_LIBRARIES = YES;
				BUNDLE_LOADER = "$(TEST_HOST)";
				CLANG_ENABLE_MODULES = YES;
				CODE_SIGN_STYLE = Automatic;
				DEVELOPMENT_TEAM = 3FP28BF586;
				INFOPLIST_FILE = PhotoAppTests/Info.plist;
				IPHONEOS_DEPLOYMENT_TARGET = 14.1;
				LD_RUNPATH_SEARCH_PATHS = (
					"$(inherited)",
					"@executable_path/Frameworks",
					"@loader_path/Frameworks",
				);
				PRODUCT_BUNDLE_IDENTIFIER = com.foytingo.PhotoAppTests;
				PRODUCT_NAME = "$(TARGET_NAME)";
				SWIFT_OPTIMIZATION_LEVEL = "-Onone";
				SWIFT_VERSION = 5.0;
				TARGETED_DEVICE_FAMILY = "1,2";
				TEST_HOST = "$(BUILT_PRODUCTS_DIR)/PhotoApp.app/PhotoApp";
			};
			name = Debug;
		};
		462F31DF255A9EE800A7D099 /* Release */ = {
			isa = XCBuildConfiguration;
			buildSettings = {
				ALWAYS_EMBED_SWIFT_STANDARD_LIBRARIES = YES;
				BUNDLE_LOADER = "$(TEST_HOST)";
				CLANG_ENABLE_MODULES = YES;
				CODE_SIGN_STYLE = Automatic;
				DEVELOPMENT_TEAM = 3FP28BF586;
				INFOPLIST_FILE = PhotoAppTests/Info.plist;
				IPHONEOS_DEPLOYMENT_TARGET = 14.1;
				LD_RUNPATH_SEARCH_PATHS = (
					"$(inherited)",
					"@executable_path/Frameworks",
					"@loader_path/Frameworks",
				);
				PRODUCT_BUNDLE_IDENTIFIER = com.foytingo.PhotoAppTests;
				PRODUCT_NAME = "$(TARGET_NAME)";
				SWIFT_VERSION = 5.0;
				TARGETED_DEVICE_FAMILY = "1,2";
				TEST_HOST = "$(BUILT_PRODUCTS_DIR)/PhotoApp.app/PhotoApp";
			};
			name = Release;
		};
		462F31E1255A9EE800A7D099 /* Debug */ = {
			isa = XCBuildConfiguration;
			buildSettings = {
				ALWAYS_EMBED_SWIFT_STANDARD_LIBRARIES = YES;
				CODE_SIGN_STYLE = Automatic;
				DEVELOPMENT_TEAM = 3FP28BF586;
				INFOPLIST_FILE = PhotoAppUITests/Info.plist;
				LD_RUNPATH_SEARCH_PATHS = (
					"$(inherited)",
					"@executable_path/Frameworks",
					"@loader_path/Frameworks",
				);
				PRODUCT_BUNDLE_IDENTIFIER = com.foytingo.PhotoAppUITests;
				PRODUCT_NAME = "$(TARGET_NAME)";
				SWIFT_VERSION = 5.0;
				TARGETED_DEVICE_FAMILY = "1,2";
				TEST_TARGET_NAME = PhotoApp;
			};
			name = Debug;
		};
		462F31E2255A9EE800A7D099 /* Release */ = {
			isa = XCBuildConfiguration;
			buildSettings = {
				ALWAYS_EMBED_SWIFT_STANDARD_LIBRARIES = YES;
				CODE_SIGN_STYLE = Automatic;
				DEVELOPMENT_TEAM = 3FP28BF586;
				INFOPLIST_FILE = PhotoAppUITests/Info.plist;
				LD_RUNPATH_SEARCH_PATHS = (
					"$(inherited)",
					"@executable_path/Frameworks",
					"@loader_path/Frameworks",
				);
				PRODUCT_BUNDLE_IDENTIFIER = com.foytingo.PhotoAppUITests;
				PRODUCT_NAME = "$(TARGET_NAME)";
				SWIFT_VERSION = 5.0;
				TARGETED_DEVICE_FAMILY = "1,2";
				TEST_TARGET_NAME = PhotoApp;
			};
			name = Release;
		};
/* End XCBuildConfiguration section */

/* Begin XCConfigurationList section */
		462F31AB255A9EE600A7D099 /* Build configuration list for PBXProject "PhotoApp" */ = {
			isa = XCConfigurationList;
			buildConfigurations = (
				462F31D8255A9EE800A7D099 /* Debug */,
				462F31D9255A9EE800A7D099 /* Release */,
			);
			defaultConfigurationIsVisible = 0;
			defaultConfigurationName = Release;
		};
		462F31DA255A9EE800A7D099 /* Build configuration list for PBXNativeTarget "PhotoApp" */ = {
			isa = XCConfigurationList;
			buildConfigurations = (
				462F31DB255A9EE800A7D099 /* Debug */,
				462F31DC255A9EE800A7D099 /* Release */,
			);
			defaultConfigurationIsVisible = 0;
			defaultConfigurationName = Release;
		};
		462F31DD255A9EE800A7D099 /* Build configuration list for PBXNativeTarget "PhotoAppTests" */ = {
			isa = XCConfigurationList;
			buildConfigurations = (
				462F31DE255A9EE800A7D099 /* Debug */,
				462F31DF255A9EE800A7D099 /* Release */,
			);
			defaultConfigurationIsVisible = 0;
			defaultConfigurationName = Release;
		};
		462F31E0255A9EE800A7D099 /* Build configuration list for PBXNativeTarget "PhotoAppUITests" */ = {
			isa = XCConfigurationList;
			buildConfigurations = (
				462F31E1255A9EE800A7D099 /* Debug */,
				462F31E2255A9EE800A7D099 /* Release */,
			);
			defaultConfigurationIsVisible = 0;
			defaultConfigurationName = Release;
		};
/* End XCConfigurationList section */
	};
	rootObject = 462F31A8255A9EE600A7D099 /* Project object */;
}
